
Microsoft Visual Studio Solution File, Format Version 12.00
# Visual Studio Version 17
VisualStudioVersion = 17.1.32414.318
MinimumVisualStudioVersion = 10.0.40219.1
Project("{FAE04EC0-301F-11D3-BF4B-00C04F79EFBC}") = "WPFapp1", "WPFapp1.csproj", "{25863B34-8F5E-4C55-AF6F-FA20F2D929AD}"
EndProject
Global
	GlobalSection(SolutionConfigurationPlatforms) = preSolution
		Debug|Any CPU = Debug|Any CPU
		Release|Any CPU = Release|Any CPU
	EndGlobalSection
	GlobalSection(ProjectConfigurationPlatforms) = postSolution
		{25863B34-8F5E-4C55-AF6F-FA20F2D929AD}.Debug|Any CPU.ActiveCfg = Debug|Any CPU
		{25863B34-8F5E-4C55-AF6F-FA20F2D929AD}.Debug|Any CPU.Build.0 = Debug|Any CPU
		{25863B34-8F5E-4C55-AF6F-FA20F2D929AD}.Release|Any CPU.ActiveCfg = Release|Any CPU
		{25863B34-8F5E-4C55-AF6F-FA20F2D929AD}.Release|Any CPU.Build.0 = Release|Any CPU
	EndGlobalSection
	GlobalSection(SolutionProperties) = preSolution
		HideSolutionNode = FALSE
	EndGlobalSection
	GlobalSection(ExtensibilityGlobals) = postSolution
		SolutionGuid = {722B6A95-7683-49A8-9949-E258674EFC2C}
	EndGlobalSection
EndGlobal
